
Microsoft Visual Studio Solution File, Format Version 12.00
# Visual Studio Version 16
VisualStudioVersion = 16.0.30225.117
MinimumVisualStudioVersion = 10.0.40219.1
Project("{9A19103F-16F7-4668-BE54-9A1E7A4F7556}") = "micro-sender", "micro-sender\micro-sender.csproj", "{F50B98FB-8398-4CBB-B468-ACC49003A60A}"
EndProject
Project("{9A19103F-16F7-4668-BE54-9A1E7A4F7556}") = "mocro-receiver", "mocro-receiver\mocro-receiver.csproj", "{DB0BC088-0CFB-469D-B7AC-F5239BDDC86F}"
EndProject
Global
	GlobalSection(SolutionConfigurationPlatforms) = preSolution
		Debug|Any CPU = Debug|Any CPU
		Release|Any CPU = Release|Any CPU
	EndGlobalSection
	GlobalSection(ProjectConfigurationPlatforms) = postSolution
		{F50B98FB-8398-4CBB-B468-ACC49003A60A}.Debug|Any CPU.ActiveCfg = Debug|Any CPU
		{F50B98FB-8398-4CBB-B468-ACC49003A60A}.Debug|Any CPU.Build.0 = Debug|Any CPU
		{F50B98FB-8398-4CBB-B468-ACC49003A60A}.Release|Any CPU.ActiveCfg = Release|Any CPU
		{F50B98FB-8398-4CBB-B468-ACC49003A60A}.Release|Any CPU.Build.0 = Release|Any CPU
		{DB0BC088-0CFB-469D-B7AC-F5239BDDC86F}.Debug|Any CPU.ActiveCfg = Debug|Any CPU
		{DB0BC088-0CFB-469D-B7AC-F5239BDDC86F}.Debug|Any CPU.Build.0 = Debug|Any CPU
		{DB0BC088-0CFB-469D-B7AC-F5239BDDC86F}.Release|Any CPU.ActiveCfg = Release|Any CPU
		{DB0BC088-0CFB-469D-B7AC-F5239BDDC86F}.Release|Any CPU.Build.0 = Release|Any CPU
	EndGlobalSection
	GlobalSection(SolutionProperties) = preSolution
		HideSolutionNode = FALSE
	EndGlobalSection
	GlobalSection(ExtensibilityGlobals) = postSolution
		SolutionGuid = {4DAC9F71-4F29-4DDE-AED4-0FC94D7770F7}
	EndGlobalSection
EndGlobal
