
Microsoft Visual Studio Solution File, Format Version 12.00
# Visual Studio Version 16
VisualStudioVersion = 16.0.30225.117
MinimumVisualStudioVersion = 10.0.40219.1
Project("{FAE04EC0-301F-11D3-BF4B-00C04F79EFBC}") = "topic-pub", "topic-pub\topic-pub.csproj", "{98AEABD2-F435-461D-BEC1-9857A8DBB596}"
EndProject
Project("{FAE04EC0-301F-11D3-BF4B-00C04F79EFBC}") = "topic-receiver-a", "topic-receiver-a\topic-receiver-a.csproj", "{F011763C-7719-435A-8599-547A11F604DE}"
EndProject
Project("{FAE04EC0-301F-11D3-BF4B-00C04F79EFBC}") = "tpic-receiver-function", "tpic-receiver-function\tpic-receiver-function.csproj", "{C4CB2529-9383-4A68-B2C7-2298A6C7D10E}"
EndProject
Global
	GlobalSection(SolutionConfigurationPlatforms) = preSolution
		Debug|Any CPU = Debug|Any CPU
		Release|Any CPU = Release|Any CPU
	EndGlobalSection
	GlobalSection(ProjectConfigurationPlatforms) = postSolution
		{98AEABD2-F435-461D-BEC1-9857A8DBB596}.Debug|Any CPU.ActiveCfg = Debug|Any CPU
		{98AEABD2-F435-461D-BEC1-9857A8DBB596}.Debug|Any CPU.Build.0 = Debug|Any CPU
		{98AEABD2-F435-461D-BEC1-9857A8DBB596}.Release|Any CPU.ActiveCfg = Release|Any CPU
		{98AEABD2-F435-461D-BEC1-9857A8DBB596}.Release|Any CPU.Build.0 = Release|Any CPU
		{F011763C-7719-435A-8599-547A11F604DE}.Debug|Any CPU.ActiveCfg = Debug|Any CPU
		{F011763C-7719-435A-8599-547A11F604DE}.Debug|Any CPU.Build.0 = Debug|Any CPU
		{F011763C-7719-435A-8599-547A11F604DE}.Release|Any CPU.ActiveCfg = Release|Any CPU
		{F011763C-7719-435A-8599-547A11F604DE}.Release|Any CPU.Build.0 = Release|Any CPU
		{C4CB2529-9383-4A68-B2C7-2298A6C7D10E}.Debug|Any CPU.ActiveCfg = Debug|Any CPU
		{C4CB2529-9383-4A68-B2C7-2298A6C7D10E}.Debug|Any CPU.Build.0 = Debug|Any CPU
		{C4CB2529-9383-4A68-B2C7-2298A6C7D10E}.Release|Any CPU.ActiveCfg = Release|Any CPU
		{C4CB2529-9383-4A68-B2C7-2298A6C7D10E}.Release|Any CPU.Build.0 = Release|Any CPU
	EndGlobalSection
	GlobalSection(SolutionProperties) = preSolution
		HideSolutionNode = FALSE
	EndGlobalSection
	GlobalSection(ExtensibilityGlobals) = postSolution
		SolutionGuid = {A764C6D3-41CB-4500-B58E-8BEB2DF41416}
	EndGlobalSection
EndGlobal

